{
  "nodes": {
    "even": {
      "flake": false,
      "locked": {
        "lastModified": 1672624951,
        "narHash": "sha256-yMzLLOZGMRWeM0wEnl7Hh4lIOe2Arz398DFZIPwiJMI=",
        "owner": "dali99",
        "repo": "even",
        "rev": "0fcd2c0608ceb3166e93321e1c8f18d7a23a19b6",
        "type": "github"
      },
      "original": {
        "owner": "dali99",
        "repo": "even",
        "type": "github"
      }
    },
    "nixpkgs": {
      "locked": {
        "lastModified": 1672428209,
        "narHash": "sha256-eejhqkDz2cb2vc5VeaWphJz8UXNuoNoM8/Op8eWv2tQ=",
        "owner": "NixOS",
        "repo": "nixpkgs",
        "rev": "293a28df6d7ff3dec1e61e37cc4ee6e6c0fb0847",
        "type": "github"
      },
      "original": {
        "id": "nixpkgs",
        "type": "indirect"
      }
    },
    "root": {
      "inputs": {
        "even": "even",
        "nixpkgs": "nixpkgs"
      }
    }
  },
  "root": "root",
  "version": 7
}
