{
  "nodes": {
    "even": {
      "flake": false,
      "locked": {
        "lastModified": 1672624951,
        "narHash": "sha256-yMzLLOZGMRWeM0wEnl7Hh4lIOe2Arz398DFZIPwiJMI=",
        "owner": "dali99",
        "repo": "even",
        "rev": "0fcd2c0608ceb3166e93321e1c8f18d7a23a19b6",
        "type": "github"
      },
      "original": {
        "owner": "dali99",
        "repo": "even",
        "type": "github"
      }
    },
    "nixpkgs": {
      "locked": {
        "lastModified": 1694593561,
        "narHash": "sha256-WSaIQZ5s9N9bDFkEMTw6P9eaZ9bv39ZhsiW12GtTNM0=",
        "owner": "NixOS",
        "repo": "nixpkgs",
        "rev": "1697b7d480449b01111e352021f46e5879e47643",
        "type": "github"
      },
      "original": {
        "id": "nixpkgs",
        "type": "indirect"
      }
    },
    "root": {
      "inputs": {
        "even": "even",
        "nixpkgs": "nixpkgs"
      }
    }
  },
  "root": "root",
  "version": 7
}
