{
  "nodes": {
    "even": {
      "flake": false,
      "locked": {
        "lastModified": 1733420343,
        "narHash": "sha256-u6GQiGE3zpljAkczYL78MFIC4Z8nKiPWY+tQXInBEG0=",
        "owner": "dali99",
        "repo": "even",
        "rev": "cf77678134c23965c88ae16b7565416c220d4307",
        "type": "github"
      },
      "original": {
        "owner": "dali99",
        "repo": "even",
        "type": "github"
      }
    },
    "nixpkgs": {
      "locked": {
        "lastModified": 0,
        "narHash": "sha256-xKel5kd1AbExymxoIfQ7pgcX6hjw9jCgbiBjiUfSVJ8=",
        "path": "/nix/store/ylrrz211xgjzkcpyiafpq9y2yws7fyah-source",
        "type": "path"
      },
      "original": {
        "id": "nixpkgs",
        "type": "indirect"
      }
    },
    "root": {
      "inputs": {
        "even": "even",
        "nixpkgs": "nixpkgs"
      }
    }
  },
  "root": "root",
  "version": 7
}
